
Microsoft Visual Studio Solution File, Format Version 12.00
# Visual Studio Version 16
VisualStudioVersion = 16.0.29519.181
MinimumVisualStudioVersion = 10.0.40219.1
Project("{FAE04EC0-301F-11D3-BF4B-00C04F79EFBC}") = "ThreadExample", "ThreadExample\ThreadExample.csproj", "{4749988F-CE5A-4143-B82C-A077F00FC03A}"
EndProject
Project("{FAE04EC0-301F-11D3-BF4B-00C04F79EFBC}") = "SlowSite", "SlowSite\SlowSite.csproj", "{F3163B83-9375-4CEE-9491-C9814BC8E9CE}"
EndProject
Global
	GlobalSection(SolutionConfigurationPlatforms) = preSolution
		Debug|Any CPU = Debug|Any CPU
		Release|Any CPU = Release|Any CPU
	EndGlobalSection
	GlobalSection(ProjectConfigurationPlatforms) = postSolution
		{4749988F-CE5A-4143-B82C-A077F00FC03A}.Debug|Any CPU.ActiveCfg = Debug|Any CPU
		{4749988F-CE5A-4143-B82C-A077F00FC03A}.Debug|Any CPU.Build.0 = Debug|Any CPU
		{4749988F-CE5A-4143-B82C-A077F00FC03A}.Release|Any CPU.ActiveCfg = Release|Any CPU
		{4749988F-CE5A-4143-B82C-A077F00FC03A}.Release|Any CPU.Build.0 = Release|Any CPU
		{F3163B83-9375-4CEE-9491-C9814BC8E9CE}.Debug|Any CPU.ActiveCfg = Debug|Any CPU
		{F3163B83-9375-4CEE-9491-C9814BC8E9CE}.Debug|Any CPU.Build.0 = Debug|Any CPU
		{F3163B83-9375-4CEE-9491-C9814BC8E9CE}.Release|Any CPU.ActiveCfg = Release|Any CPU
		{F3163B83-9375-4CEE-9491-C9814BC8E9CE}.Release|Any CPU.Build.0 = Release|Any CPU
	EndGlobalSection
	GlobalSection(SolutionProperties) = preSolution
		HideSolutionNode = FALSE
	EndGlobalSection
	GlobalSection(ExtensibilityGlobals) = postSolution
		SolutionGuid = {50ED4EA3-ED91-4766-9FC2-B77554AA41F7}
	EndGlobalSection
EndGlobal
